// !$*UTF8*$!
{
	archiveVersion = 1;
	classes = {
	};
	objectVersion = 50;
	objects = {

/* Begin PBXBuildFile section */
		F54037512747051400B8DF4A /* AppDelegate.swift in Sources */ = {isa = PBXBuildFile; fileRef = F54037502747051400B8DF4A /* AppDelegate.swift */; };
		F54037532747051400B8DF4A /* SceneDelegate.swift in Sources */ = {isa = PBXBuildFile; fileRef = F54037522747051400B8DF4A /* SceneDelegate.swift */; };
		F54037552747051400B8DF4A /* ViewController.swift in Sources */ = {isa = PBXBuildFile; fileRef = F54037542747051400B8DF4A /* ViewController.swift */; };
		F54037582747051400B8DF4A /* Main.storyboard in Resources */ = {isa = PBXBuildFile; fileRef = F54037562747051400B8DF4A /* Main.storyboard */; };
		F540375B2747051400B8DF4A /* ProyectoTercerParcial.xcdatamodeld in Sources */ = {isa = PBXBuildFile; fileRef = F54037592747051400B8DF4A /* ProyectoTercerParcial.xcdatamodeld */; };
		F540375D2747051900B8DF4A /* Assets.xcassets in Resources */ = {isa = PBXBuildFile; fileRef = F540375C2747051900B8DF4A /* Assets.xcassets */; };
		F54037602747051900B8DF4A /* LaunchScreen.storyboard in Resources */ = {isa = PBXBuildFile; fileRef = F540375E2747051900B8DF4A /* LaunchScreen.storyboard */; };
		F540376D27474BD500B8DF4A /* Contacto.swift in Sources */ = {isa = PBXBuildFile; fileRef = F540376C27474BD500B8DF4A /* Contacto.swift */; };
		F540376F274761CB00B8DF4A /* CeldaContactoController.swift in Sources */ = {isa = PBXBuildFile; fileRef = F540376E274761CB00B8DF4A /* CeldaContactoController.swift */; };
		F540377327477CF900B8DF4A /* AgregarContactoController.swift in Sources */ = {isa = PBXBuildFile; fileRef = F540377227477CF900B8DF4A /* AgregarContactoController.swift */; };
		F540377527484A0C00B8DF4A /* VerContactoController.swift in Sources */ = {isa = PBXBuildFile; fileRef = F540377427484A0B00B8DF4A /* VerContactoController.swift */; };
		F54037BF274B3EB600B8DF4A /* Poppins-ExtraLight.ttf in Resources */ = {isa = PBXBuildFile; fileRef = F54037AD274B3EB300B8DF4A /* Poppins-ExtraLight.ttf */; };
		F54037C0274B3EB600B8DF4A /* Poppins-ExtraBold.ttf in Resources */ = {isa = PBXBuildFile; fileRef = F54037AE274B3EB400B8DF4A /* Poppins-ExtraBold.ttf */; };
		F54037C1274B3EB600B8DF4A /* Poppins-Thin.ttf in Resources */ = {isa = PBXBuildFile; fileRef = F54037AF274B3EB400B8DF4A /* Poppins-Thin.ttf */; };
		F54037C2274B3EB600B8DF4A /* Poppins-Italic.ttf in Resources */ = {isa = PBXBuildFile; fileRef = F54037B0274B3EB400B8DF4A /* Poppins-Italic.ttf */; };
		F54037C3274B3EB600B8DF4A /* Poppins-Light.ttf in Resources */ = {isa = PBXBuildFile; fileRef = F54037B1274B3EB400B8DF4A /* Poppins-Light.ttf */; };
		F54037C4274B3EB600B8DF4A /* Poppins-SemiBold.ttf in Resources */ = {isa = PBXBuildFile; fileRef = F54037B2274B3EB400B8DF4A /* Poppins-SemiBold.ttf */; };
		F54037C5274B3EB600B8DF4A /* Poppins-ThinItalic.ttf in Resources */ = {isa = PBXBuildFile; fileRef = F54037B3274B3EB400B8DF4A /* Poppins-ThinItalic.ttf */; };
		F54037C6274B3EB600B8DF4A /* Poppins-Bold.ttf in Resources */ = {isa = PBXBuildFile; fileRef = F54037B4274B3EB400B8DF4A /* Poppins-Bold.ttf */; };
		F54037C7274B3EB600B8DF4A /* Poppins-ExtraBoldItalic.ttf in Resources */ = {isa = PBXBuildFile; fileRef = F54037B5274B3EB500B8DF4A /* Poppins-ExtraBoldItalic.ttf */; };
		F54037C8274B3EB600B8DF4A /* Poppins-MediumItalic.ttf in Resources */ = {isa = PBXBuildFile; fileRef = F54037B6274B3EB500B8DF4A /* Poppins-MediumItalic.ttf */; };
		F54037C9274B3EB600B8DF4A /* Poppins-BlackItalic.ttf in Resources */ = {isa = PBXBuildFile; fileRef = F54037B7274B3EB500B8DF4A /* Poppins-BlackItalic.ttf */; };
		F54037CA274B3EB600B8DF4A /* Poppins-Black.ttf in Resources */ = {isa = PBXBuildFile; fileRef = F54037B8274B3EB500B8DF4A /* Poppins-Black.ttf */; };
		F54037CB274B3EB600B8DF4A /* Poppins-LightItalic.ttf in Resources */ = {isa = PBXBuildFile; fileRef = F54037B9274B3EB500B8DF4A /* Poppins-LightItalic.ttf */; };
		F54037CC274B3EB600B8DF4A /* Poppins-Medium.ttf in Resources */ = {isa = PBXBuildFile; fileRef = F54037BA274B3EB500B8DF4A /* Poppins-Medium.ttf */; };
		F54037CD274B3EB600B8DF4A /* Poppins-SemiBoldItalic.ttf in Resources */ = {isa = PBXBuildFile; fileRef = F54037BB274B3EB500B8DF4A /* Poppins-SemiBoldItalic.ttf */; };
		F54037CE274B3EB600B8DF4A /* Poppins-BoldItalic.ttf in Resources */ = {isa = PBXBuildFile; fileRef = F54037BC274B3EB600B8DF4A /* Poppins-BoldItalic.ttf */; };
		F54037CF274B3EB600B8DF4A /* Poppins-ExtraLightItalic.ttf in Resources */ = {isa = PBXBuildFile; fileRef = F54037BD274B3EB600B8DF4A /* Poppins-ExtraLightItalic.ttf */; };
		F54037D0274B3EB600B8DF4A /* Poppins-Regular.ttf in Resources */ = {isa = PBXBuildFile; fileRef = F54037BE274B3EB600B8DF4A /* Poppins-Regular.ttf */; };
/* End PBXBuildFile section */

/* Begin PBXFileReference section */
		F540374D2747051400B8DF4A /* ProyectoTercerParcial.app */ = {isa = PBXFileReference; explicitFileType = wrapper.application; includeInIndex = 0; path = ProyectoTercerParcial.app; sourceTree = BUILT_PRODUCTS_DIR; };
		F54037502747051400B8DF4A /* AppDelegate.swift */ = {isa = PBXFileReference; lastKnownFileType = sourcecode.swift; path = AppDelegate.swift; sourceTree = "<group>"; };
		F54037522747051400B8DF4A /* SceneDelegate.swift */ = {isa = PBXFileReference; lastKnownFileType = sourcecode.swift; path = SceneDelegate.swift; sourceTree = "<group>"; };
		F54037542747051400B8DF4A /* ViewController.swift */ = {isa = PBXFileReference; lastKnownFileType = sourcecode.swift; path = ViewController.swift; sourceTree = "<group>"; };
		F54037572747051400B8DF4A /* Base */ = {isa = PBXFileReference; lastKnownFileType = file.storyboard; name = Base; path = Base.lproj/Main.storyboard; sourceTree = "<group>"; };
		F540375A2747051400B8DF4A /* ProyectoTercerParcial.xcdatamodel */ = {isa = PBXFileReference; lastKnownFileType = wrapper.xcdatamodel; path = ProyectoTercerParcial.xcdatamodel; sourceTree = "<group>"; };
		F540375C2747051900B8DF4A /* Assets.xcassets */ = {isa = PBXFileReference; lastKnownFileType = folder.assetcatalog; path = Assets.xcassets; sourceTree = "<group>"; };
		F540375F2747051900B8DF4A /* Base */ = {isa = PBXFileReference; lastKnownFileType = file.storyboard; name = Base; path = Base.lproj/LaunchScreen.storyboard; sourceTree = "<group>"; };
		F54037612747051900B8DF4A /* Info.plist */ = {isa = PBXFileReference; lastKnownFileType = text.plist.xml; path = Info.plist; sourceTree = "<group>"; };
		F540376C27474BD500B8DF4A /* Contacto.swift */ = {isa = PBXFileReference; lastKnownFileType = sourcecode.swift; path = Contacto.swift; sourceTree = "<group>"; };
		F540376E274761CB00B8DF4A /* CeldaContactoController.swift */ = {isa = PBXFileReference; lastKnownFileType = sourcecode.swift; path = CeldaContactoController.swift; sourceTree = "<group>"; };
		F540377227477CF900B8DF4A /* AgregarContactoController.swift */ = {isa = PBXFileReference; lastKnownFileType = sourcecode.swift; path = AgregarContactoController.swift; sourceTree = "<group>"; };
		F540377427484A0B00B8DF4A /* VerContactoController.swift */ = {isa = PBXFileReference; lastKnownFileType = sourcecode.swift; path = VerContactoController.swift; sourceTree = "<group>"; };
		F54037AD274B3EB300B8DF4A /* Poppins-ExtraLight.ttf */ = {isa = PBXFileReference; lastKnownFileType = file; path = "Poppins-ExtraLight.ttf"; sourceTree = "<group>"; };
		F54037AE274B3EB400B8DF4A /* Poppins-ExtraBold.ttf */ = {isa = PBXFileReference; lastKnownFileType = file; path = "Poppins-ExtraBold.ttf"; sourceTree = "<group>"; };
		F54037AF274B3EB400B8DF4A /* Poppins-Thin.ttf */ = {isa = PBXFileReference; lastKnownFileType = file; path = "Poppins-Thin.ttf"; sourceTree = "<group>"; };
		F54037B0274B3EB400B8DF4A /* Poppins-Italic.ttf */ = {isa = PBXFileReference; lastKnownFileType = file; path = "Poppins-Italic.ttf"; sourceTree = "<group>"; };
		F54037B1274B3EB400B8DF4A /* Poppins-Light.ttf */ = {isa = PBXFileReference; lastKnownFileType = file; path = "Poppins-Light.ttf"; sourceTree = "<group>"; };
		F54037B2274B3EB400B8DF4A /* Poppins-SemiBold.ttf */ = {isa = PBXFileReference; lastKnownFileType = file; path = "Poppins-SemiBold.ttf"; sourceTree = "<group>"; };
		F54037B3274B3EB400B8DF4A /* Poppins-ThinItalic.ttf */ = {isa = PBXFileReference; lastKnownFileType = file; path = "Poppins-ThinItalic.ttf"; sourceTree = "<group>"; };
		F54037B4274B3EB400B8DF4A /* Poppins-Bold.ttf */ = {isa = PBXFileReference; lastKnownFileType = file; path = "Poppins-Bold.ttf"; sourceTree = "<group>"; };
		F54037B5274B3EB500B8DF4A /* Poppins-ExtraBoldItalic.ttf */ = {isa = PBXFileReference; lastKnownFileType = file; path = "Poppins-ExtraBoldItalic.ttf"; sourceTree = "<group>"; };
		F54037B6274B3EB500B8DF4A /* Poppins-MediumItalic.ttf */ = {isa = PBXFileReference; lastKnownFileType = file; path = "Poppins-MediumItalic.ttf"; sourceTree = "<group>"; };
		F54037B7274B3EB500B8DF4A /* Poppins-BlackItalic.ttf */ = {isa = PBXFileReference; lastKnownFileType = file; path = "Poppins-BlackItalic.ttf"; sourceTree = "<group>"; };
		F54037B8274B3EB500B8DF4A /* Poppins-Black.ttf */ = {isa = PBXFileReference; lastKnownFileType = file; path = "Poppins-Black.ttf"; sourceTree = "<group>"; };
		F54037B9274B3EB500B8DF4A /* Poppins-LightItalic.ttf */ = {isa = PBXFileReference; lastKnownFileType = file; path = "Poppins-LightItalic.ttf"; sourceTree = "<group>"; };
		F54037BA274B3EB500B8DF4A /* Poppins-Medium.ttf */ = {isa = PBXFileReference; lastKnownFileType = file; path = "Poppins-Medium.ttf"; sourceTree = "<group>"; };
		F54037BB274B3EB500B8DF4A /* Poppins-SemiBoldItalic.ttf */ = {isa = PBXFileReference; lastKnownFileType = file; path = "Poppins-SemiBoldItalic.ttf"; sourceTree = "<group>"; };
		F54037BC274B3EB600B8DF4A /* Poppins-BoldItalic.ttf */ = {isa = PBXFileReference; lastKnownFileType = file; path = "Poppins-BoldItalic.ttf"; sourceTree = "<group>"; };
		F54037BD274B3EB600B8DF4A /* Poppins-ExtraLightItalic.ttf */ = {isa = PBXFileReference; lastKnownFileType = file; path = "Poppins-ExtraLightItalic.ttf"; sourceTree = "<group>"; };
		F54037BE274B3EB600B8DF4A /* Poppins-Regular.ttf */ = {isa = PBXFileReference; lastKnownFileType = file; path = "Poppins-Regular.ttf"; sourceTree = "<group>"; };
/* End PBXFileReference section */

/* Begin PBXFrameworksBuildPhase section */
		F540374A2747051400B8DF4A /* Frameworks */ = {
			isa = PBXFrameworksBuildPhase;
			buildActionMask = 2147483647;
			files = (
			);
			runOnlyForDeploymentPostprocessing = 0;
		};
/* End PBXFrameworksBuildPhase section */

/* Begin PBXGroup section */
		F54037442747051400B8DF4A = {
			isa = PBXGroup;
			children = (
				F540374F2747051400B8DF4A /* ProyectoTercerParcial */,
				F540374E2747051400B8DF4A /* Products */,
			);
			sourceTree = "<group>";
		};
		F540374E2747051400B8DF4A /* Products */ = {
			isa = PBXGroup;
			children = (
				F540374D2747051400B8DF4A /* ProyectoTercerParcial.app */,
			);
			name = Products;
			sourceTree = "<group>";
		};
		F540374F2747051400B8DF4A /* ProyectoTercerParcial */ = {
			isa = PBXGroup;
			children = (
				F54037672747068700B8DF4A /* Config */,
				F540376B274706C100B8DF4A /* Controllers */,
				F54037682747069700B8DF4A /* Models */,
				F540376A274706B400B8DF4A /* Views */,
				F5403769274706A400B8DF4A /* Resources */,
			);
			path = ProyectoTercerParcial;
			sourceTree = "<group>";
		};
		F54037672747068700B8DF4A /* Config */ = {
			isa = PBXGroup;
			children = (
				F54037612747051900B8DF4A /* Info.plist */,
				F54037502747051400B8DF4A /* AppDelegate.swift */,
				F54037522747051400B8DF4A /* SceneDelegate.swift */,
				F54037592747051400B8DF4A /* ProyectoTercerParcial.xcdatamodeld */,
			);
			name = Config;
			sourceTree = "<group>";
		};
		F54037682747069700B8DF4A /* Models */ = {
			isa = PBXGroup;
			children = (
				F540376C27474BD500B8DF4A /* Contacto.swift */,
			);
			name = Models;
			sourceTree = "<group>";
		};
		F5403769274706A400B8DF4A /* Resources */ = {
			isa = PBXGroup;
			children = (
				F540375C2747051900B8DF4A /* Assets.xcassets */,
				F54037B8274B3EB500B8DF4A /* Poppins-Black.ttf */,
				F54037B7274B3EB500B8DF4A /* Poppins-BlackItalic.ttf */,
				F54037B4274B3EB400B8DF4A /* Poppins-Bold.ttf */,
				F54037BC274B3EB600B8DF4A /* Poppins-BoldItalic.ttf */,
				F54037AE274B3EB400B8DF4A /* Poppins-ExtraBold.ttf */,
				F54037B5274B3EB500B8DF4A /* Poppins-ExtraBoldItalic.ttf */,
				F54037AD274B3EB300B8DF4A /* Poppins-ExtraLight.ttf */,
				F54037BD274B3EB600B8DF4A /* Poppins-ExtraLightItalic.ttf */,
				F54037B0274B3EB400B8DF4A /* Poppins-Italic.ttf */,
				F54037B1274B3EB400B8DF4A /* Poppins-Light.ttf */,
				F54037B9274B3EB500B8DF4A /* Poppins-LightItalic.ttf */,
				F54037BA274B3EB500B8DF4A /* Poppins-Medium.ttf */,
				F54037B6274B3EB500B8DF4A /* Poppins-MediumItalic.ttf */,
				F54037BE274B3EB600B8DF4A /* Poppins-Regular.ttf */,
				F54037B2274B3EB400B8DF4A /* Poppins-SemiBold.ttf */,
				F54037BB274B3EB500B8DF4A /* Poppins-SemiBoldItalic.ttf */,
				F54037AF274B3EB400B8DF4A /* Poppins-Thin.ttf */,
				F54037B3274B3EB400B8DF4A /* Poppins-ThinItalic.ttf */,
			);
			name = Resources;
			sourceTree = "<group>";
		};
		F540376A274706B400B8DF4A /* Views */ = {
			isa = PBXGroup;
			children = (
				F540375E2747051900B8DF4A /* LaunchScreen.storyboard */,
				F54037562747051400B8DF4A /* Main.storyboard */,
			);
			name = Views;
			sourceTree = "<group>";
		};
		F540376B274706C100B8DF4A /* Controllers */ = {
			isa = PBXGroup;
			children = (
				F54037542747051400B8DF4A /* ViewController.swift */,
				F540376E274761CB00B8DF4A /* CeldaContactoController.swift */,
				F540377227477CF900B8DF4A /* AgregarContactoController.swift */,
				F540377427484A0B00B8DF4A /* VerContactoController.swift */,
			);
			name = Controllers;
			sourceTree = "<group>";
		};
/* End PBXGroup section */

/* Begin PBXNativeTarget section */
		F540374C2747051400B8DF4A /* ProyectoTercerParcial */ = {
			isa = PBXNativeTarget;
			buildConfigurationList = F54037642747051900B8DF4A /* Build configuration list for PBXNativeTarget "ProyectoTercerParcial" */;
			buildPhases = (
				F54037492747051400B8DF4A /* Sources */,
				F540374A2747051400B8DF4A /* Frameworks */,
				F540374B2747051400B8DF4A /* Resources */,
			);
			buildRules = (
			);
			dependencies = (
			);
			name = ProyectoTercerParcial;
			productName = ProyectoTercerParcial;
			productReference = F540374D2747051400B8DF4A /* ProyectoTercerParcial.app */;
			productType = "com.apple.product-type.application";
		};
/* End PBXNativeTarget section */

/* Begin PBXProject section */
		F54037452747051400B8DF4A /* Project object */ = {
			isa = PBXProject;
			attributes = {
				LastSwiftUpdateCheck = 1250;
				LastUpgradeCheck = 1250;
				TargetAttributes = {
					F540374C2747051400B8DF4A = {
						CreatedOnToolsVersion = 12.5.1;
					};
				};
			};
			buildConfigurationList = F54037482747051400B8DF4A /* Build configuration list for PBXProject "ProyectoTercerParcial" */;
			compatibilityVersion = "Xcode 9.3";
			developmentRegion = en;
			hasScannedForEncodings = 0;
			knownRegions = (
				en,
				Base,
			);
			mainGroup = F54037442747051400B8DF4A;
			productRefGroup = F540374E2747051400B8DF4A /* Products */;
			projectDirPath = "";
			projectRoot = "";
			targets = (
				F540374C2747051400B8DF4A /* ProyectoTercerParcial */,
			);
		};
/* End PBXProject section */

/* Begin PBXResourcesBuildPhase section */
		F540374B2747051400B8DF4A /* Resources */ = {
			isa = PBXResourcesBuildPhase;
			buildActionMask = 2147483647;
			files = (
				F54037C7274B3EB600B8DF4A /* Poppins-ExtraBoldItalic.ttf in Resources */,
				F54037BF274B3EB600B8DF4A /* Poppins-ExtraLight.ttf in Resources */,
				F54037C8274B3EB600B8DF4A /* Poppins-MediumItalic.ttf in Resources */,
				F54037C0274B3EB600B8DF4A /* Poppins-ExtraBold.ttf in Resources */,
				F54037CE274B3EB600B8DF4A /* Poppins-BoldItalic.ttf in Resources */,
				F54037CC274B3EB600B8DF4A /* Poppins-Medium.ttf in Resources */,
				F54037CD274B3EB600B8DF4A /* Poppins-SemiBoldItalic.ttf in Resources */,
				F54037C2274B3EB600B8DF4A /* Poppins-Italic.ttf in Resources */,
				F54037C3274B3EB600B8DF4A /* Poppins-Light.ttf in Resources */,
				F54037D0274B3EB600B8DF4A /* Poppins-Regular.ttf in Resources */,
				F54037602747051900B8DF4A /* LaunchScreen.storyboard in Resources */,
				F54037CB274B3EB600B8DF4A /* Poppins-LightItalic.ttf in Resources */,
				F54037C1274B3EB600B8DF4A /* Poppins-Thin.ttf in Resources */,
				F54037CF274B3EB600B8DF4A /* Poppins-ExtraLightItalic.ttf in Resources */,
				F54037C9274B3EB600B8DF4A /* Poppins-BlackItalic.ttf in Resources */,
				F54037CA274B3EB600B8DF4A /* Poppins-Black.ttf in Resources */,
				F54037C4274B3EB600B8DF4A /* Poppins-SemiBold.ttf in Resources */,
				F54037C6274B3EB600B8DF4A /* Poppins-Bold.ttf in Resources */,
				F54037C5274B3EB600B8DF4A /* Poppins-ThinItalic.ttf in Resources */,
				F540375D2747051900B8DF4A /* Assets.xcassets in Resources */,
				F54037582747051400B8DF4A /* Main.storyboard in Resources */,
			);
			runOnlyForDeploymentPostprocessing = 0;
		};
/* End PBXResourcesBuildPhase section */

/* Begin PBXSourcesBuildPhase section */
		F54037492747051400B8DF4A /* Sources */ = {
			isa = PBXSourcesBuildPhase;
			buildActionMask = 2147483647;
			files = (
				F540375B2747051400B8DF4A /* ProyectoTercerParcial.xcdatamodeld in Sources */,
				F540377527484A0C00B8DF4A /* VerContactoController.swift in Sources */,
				F540377327477CF900B8DF4A /* AgregarContactoController.swift in Sources */,
				F54037552747051400B8DF4A /* ViewController.swift in Sources */,
				F54037512747051400B8DF4A /* AppDelegate.swift in Sources */,
				F54037532747051400B8DF4A /* SceneDelegate.swift in Sources */,
				F540376F274761CB00B8DF4A /* CeldaContactoController.swift in Sources */,
				F540376D27474BD500B8DF4A /* Contacto.swift in Sources */,
			);
			runOnlyForDeploymentPostprocessing = 0;
		};
/* End PBXSourcesBuildPhase section */

/* Begin PBXVariantGroup section */
		F54037562747051400B8DF4A /* Main.storyboard */ = {
			isa = PBXVariantGroup;
			children = (
				F54037572747051400B8DF4A /* Base */,
			);
			name = Main.storyboard;
			sourceTree = "<group>";
		};
		F540375E2747051900B8DF4A /* LaunchScreen.storyboard */ = {
			isa = PBXVariantGroup;
			children = (
				F540375F2747051900B8DF4A /* Base */,
			);
			name = LaunchScreen.storyboard;
			sourceTree = "<group>";
		};
/* End PBXVariantGroup section */

/* Begin XCBuildConfiguration section */
		F54037622747051900B8DF4A /* Debug */ = {
			isa = XCBuildConfiguration;
			buildSettings = {
				ALWAYS_SEARCH_USER_PATHS = NO;
				CLANG_ANALYZER_NONNULL = YES;
				CLANG_ANALYZER_NUMBER_OBJECT_CONVERSION = YES_AGGRESSIVE;
				CLANG_CXX_LANGUAGE_STANDARD = "gnu++14";
				CLANG_CXX_LIBRARY = "libc++";
				CLANG_ENABLE_MODULES = YES;
				CLANG_ENABLE_OBJC_ARC = YES;
				CLANG_ENABLE_OBJC_WEAK = YES;
				CLANG_WARN_BLOCK_CAPTURE_AUTORELEASING = YES;
				CLANG_WARN_BOOL_CONVERSION = YES;
				CLANG_WARN_COMMA = YES;
				CLANG_WARN_CONSTANT_CONVERSION = YES;
				CLANG_WARN_DEPRECATED_OBJC_IMPLEMENTATIONS = YES;
				CLANG_WARN_DIRECT_OBJC_ISA_USAGE = YES_ERROR;
				CLANG_WARN_DOCUMENTATION_COMMENTS = YES;
				CLANG_WARN_EMPTY_BODY = YES;
				CLANG_WARN_ENUM_CONVERSION = YES;
				CLANG_WARN_INFINITE_RECURSION = YES;
				CLANG_WARN_INT_CONVERSION = YES;
				CLANG_WARN_NON_LITERAL_NULL_CONVERSION = YES;
				CLANG_WARN_OBJC_IMPLICIT_RETAIN_SELF = YES;
				CLANG_WARN_OBJC_LITERAL_CONVERSION = YES;
				CLANG_WARN_OBJC_ROOT_CLASS = YES_ERROR;
				CLANG_WARN_QUOTED_INCLUDE_IN_FRAMEWORK_HEADER = YES;
				CLANG_WARN_RANGE_LOOP_ANALYSIS = YES;
				CLANG_WARN_STRICT_PROTOTYPES = YES;
				CLANG_WARN_SUSPICIOUS_MOVE = YES;
				CLANG_WARN_UNGUARDED_AVAILABILITY = YES_AGGRESSIVE;
				CLANG_WARN_UNREACHABLE_CODE = YES;
				CLANG_WARN__DUPLICATE_METHOD_MATCH = YES;
				COPY_PHASE_STRIP = NO;
				DEBUG_INFORMATION_FORMAT = dwarf;
				ENABLE_STRICT_OBJC_MSGSEND = YES;
				ENABLE_TESTABILITY = YES;
				GCC_C_LANGUAGE_STANDARD = gnu11;
				GCC_DYNAMIC_NO_PIC = NO;
				GCC_NO_COMMON_BLOCKS = YES;
				GCC_OPTIMIZATION_LEVEL = 0;
				GCC_PREPROCESSOR_DEFINITIONS = (
					"DEBUG=1",
					"$(inherited)",
				);
				GCC_WARN_64_TO_32_BIT_CONVERSION = YES;
				GCC_WARN_ABOUT_RETURN_TYPE = YES_ERROR;
				GCC_WARN_UNDECLARED_SELECTOR = YES;
				GCC_WARN_UNINITIALIZED_AUTOS = YES_AGGRESSIVE;
				GCC_WARN_UNUSED_FUNCTION = YES;
				GCC_WARN_UNUSED_VARIABLE = YES;
				IPHONEOS_DEPLOYMENT_TARGET = 14.5;
				MTL_ENABLE_DEBUG_INFO = INCLUDE_SOURCE;
				MTL_FAST_MATH = YES;
				ONLY_ACTIVE_ARCH = YES;
				SDKROOT = iphoneos;
				SWIFT_ACTIVE_COMPILATION_CONDITIONS = DEBUG;
				SWIFT_OPTIMIZATION_LEVEL = "-Onone";
			};
			name = Debug;
		};
		F54037632747051900B8DF4A /* Release */ = {
			isa = XCBuildConfiguration;
			buildSettings = {
				ALWAYS_SEARCH_USER_PATHS = NO;
				CLANG_ANALYZER_NONNULL = YES;
				CLANG_ANALYZER_NUMBER_OBJECT_CONVERSION = YES_AGGRESSIVE;
				CLANG_CXX_LANGUAGE_STANDARD = "gnu++14";
				CLANG_CXX_LIBRARY = "libc++";
				CLANG_ENABLE_MODULES = YES;
				CLANG_ENABLE_OBJC_ARC = YES;
				CLANG_ENABLE_OBJC_WEAK = YES;
				CLANG_WARN_BLOCK_CAPTURE_AUTORELEASING = YES;
				CLANG_WARN_BOOL_CONVERSION = YES;
				CLANG_WARN_COMMA = YES;
				CLANG_WARN_CONSTANT_CONVERSION = YES;
				CLANG_WARN_DEPRECATED_OBJC_IMPLEMENTATIONS = YES;
				CLANG_WARN_DIRECT_OBJC_ISA_USAGE = YES_ERROR;
				CLANG_WARN_DOCUMENTATION_COMMENTS = YES;
				CLANG_WARN_EMPTY_BODY = YES;
				CLANG_WARN_ENUM_CONVERSION = YES;
				CLANG_WARN_INFINITE_RECURSION = YES;
				CLANG_WARN_INT_CONVERSION = YES;
				CLANG_WARN_NON_LITERAL_NULL_CONVERSION = YES;
				CLANG_WARN_OBJC_IMPLICIT_RETAIN_SELF = YES;
				CLANG_WARN_OBJC_LITERAL_CONVERSION = YES;
				CLANG_WARN_OBJC_ROOT_CLASS = YES_ERROR;
				CLANG_WARN_QUOTED_INCLUDE_IN_FRAMEWORK_HEADER = YES;
				CLANG_WARN_RANGE_LOOP_ANALYSIS = YES;
				CLANG_WARN_STRICT_PROTOTYPES = YES;
				CLANG_WARN_SUSPICIOUS_MOVE = YES;
				CLANG_WARN_UNGUARDED_AVAILABILITY = YES_AGGRESSIVE;
				CLANG_WARN_UNREACHABLE_CODE = YES;
				CLANG_WARN__DUPLICATE_METHOD_MATCH = YES;
				COPY_PHASE_STRIP = NO;
				DEBUG_INFORMATION_FORMAT = "dwarf-with-dsym";
				ENABLE_NS_ASSERTIONS = NO;
				ENABLE_STRICT_OBJC_MSGSEND = YES;
				GCC_C_LANGUAGE_STANDARD = gnu11;
				GCC_NO_COMMON_BLOCKS = YES;
				GCC_WARN_64_TO_32_BIT_CONVERSION = YES;
				GCC_WARN_ABOUT_RETURN_TYPE = YES_ERROR;
				GCC_WARN_UNDECLARED_SELECTOR = YES;
				GCC_WARN_UNINITIALIZED_AUTOS = YES_AGGRESSIVE;
				GCC_WARN_UNUSED_FUNCTION = YES;
				GCC_WARN_UNUSED_VARIABLE = YES;
				IPHONEOS_DEPLOYMENT_TARGET = 14.5;
				MTL_ENABLE_DEBUG_INFO = NO;
				MTL_FAST_MATH = YES;
				SDKROOT = iphoneos;
				SWIFT_COMPILATION_MODE = wholemodule;
				SWIFT_OPTIMIZATION_LEVEL = "-O";
				VALIDATE_PRODUCT = YES;
			};
			name = Release;
		};
		F54037652747051900B8DF4A /* Debug */ = {
			isa = XCBuildConfiguration;
			buildSettings = {
				ASSETCATALOG_COMPILER_APPICON_NAME = AppIcon;
				ASSETCATALOG_COMPILER_GLOBAL_ACCENT_COLOR_NAME = AccentColor;
				CODE_SIGN_STYLE = Automatic;
				INFOPLIST_FILE = ProyectoTercerParcial/Info.plist;
				LD_RUNPATH_SEARCH_PATHS = (
					"$(inherited)",
					"@executable_path/Frameworks",
				);
				PRODUCT_BUNDLE_IDENTIFIER = Admin.ProyectoTercerParcial;
				PRODUCT_NAME = "$(TARGET_NAME)";
				SWIFT_VERSION = 5.0;
				TARGETED_DEVICE_FAMILY = "1,2";
			};
			name = Debug;
		};
		F54037662747051900B8DF4A /* Release */ = {
			isa = XCBuildConfiguration;
			buildSettings = {
				ASSETCATALOG_COMPILER_APPICON_NAME = AppIcon;
				ASSETCATALOG_COMPILER_GLOBAL_ACCENT_COLOR_NAME = AccentColor;
				CODE_SIGN_STYLE = Automatic;
				INFOPLIST_FILE = ProyectoTercerParcial/Info.plist;
				LD_RUNPATH_SEARCH_PATHS = (
					"$(inherited)",
					"@executable_path/Frameworks",
				);
				PRODUCT_BUNDLE_IDENTIFIER = Admin.ProyectoTercerParcial;
				PRODUCT_NAME = "$(TARGET_NAME)";
				SWIFT_VERSION = 5.0;
				TARGETED_DEVICE_FAMILY = "1,2";
			};
			name = Release;
		};
/* End XCBuildConfiguration section */

/* Begin XCConfigurationList section */
		F54037482747051400B8DF4A /* Build configuration list for PBXProject "ProyectoTercerParcial" */ = {
			isa = XCConfigurationList;
			buildConfigurations = (
				F54037622747051900B8DF4A /* Debug */,
				F54037632747051900B8DF4A /* Release */,
			);
			defaultConfigurationIsVisible = 0;
			defaultConfigurationName = Release;
		};
		F54037642747051900B8DF4A /* Build configuration list for PBXNativeTarget "ProyectoTercerParcial" */ = {
			isa = XCConfigurationList;
			buildConfigurations = (
				F54037652747051900B8DF4A /* Debug */,
				F54037662747051900B8DF4A /* Release */,
			);
			defaultConfigurationIsVisible = 0;
			defaultConfigurationName = Release;
		};
/* End XCConfigurationList section */

/* Begin XCVersionGroup section */
		F54037592747051400B8DF4A /* ProyectoTercerParcial.xcdatamodeld */ = {
			isa = XCVersionGroup;
			children = (
				F540375A2747051400B8DF4A /* ProyectoTercerParcial.xcdatamodel */,
			);
			currentVersion = F540375A2747051400B8DF4A /* ProyectoTercerParcial.xcdatamodel */;
			path = ProyectoTercerParcial.xcdatamodeld;
			sourceTree = "<group>";
			versionGroupType = wrapper.xcdatamodel;
		};
/* End XCVersionGroup section */
	};
	rootObject = F54037452747051400B8DF4A /* Project object */;
}
